
Microsoft Visual Studio Solution File, Format Version 12.00
# Visual Studio Version 17
VisualStudioVersion = 17.13.35919.96 d17.13
MinimumVisualStudioVersion = 10.0.40219.1
Project("{FAE04EC0-301F-11D3-BF4B-00C04F79EFBC}") = "MailClassifier.Presentation", "MailClassifier.Presentation\MailClassifier.Presentation.csproj", "{041E580C-89DC-4928-9567-A7768AAA954A}"
EndProject
Project("{FAE04EC0-301F-11D3-BF4B-00C04F79EFBC}") = "MailClassifier.Service", "MailClassifier.Service\MailClassifier.Service.csproj", "{FDC7F35A-664F-4474-837C-2B9615481B1B}"
EndProject
Global
	GlobalSection(SolutionConfigurationPlatforms) = preSolution
		Debug|Any CPU = Debug|Any CPU
		Release|Any CPU = Release|Any CPU
	EndGlobalSection
	GlobalSection(ProjectConfigurationPlatforms) = postSolution
		{041E580C-89DC-4928-9567-A7768AAA954A}.Debug|Any CPU.ActiveCfg = Debug|Any CPU
		{041E580C-89DC-4928-9567-A7768AAA954A}.Debug|Any CPU.Build.0 = Debug|Any CPU
		{041E580C-89DC-4928-9567-A7768AAA954A}.Release|Any CPU.ActiveCfg = Release|Any CPU
		{041E580C-89DC-4928-9567-A7768AAA954A}.Release|Any CPU.Build.0 = Release|Any CPU
		{FDC7F35A-664F-4474-837C-2B9615481B1B}.Debug|Any CPU.ActiveCfg = Debug|Any CPU
		{FDC7F35A-664F-4474-837C-2B9615481B1B}.Debug|Any CPU.Build.0 = Debug|Any CPU
		{FDC7F35A-664F-4474-837C-2B9615481B1B}.Release|Any CPU.ActiveCfg = Release|Any CPU
		{FDC7F35A-664F-4474-837C-2B9615481B1B}.Release|Any CPU.Build.0 = Release|Any CPU
	EndGlobalSection
	GlobalSection(SolutionProperties) = preSolution
		HideSolutionNode = FALSE
	EndGlobalSection
	GlobalSection(ExtensibilityGlobals) = postSolution
		SolutionGuid = {5FF29A2E-0232-482D-94A5-7E07F546055A}
	EndGlobalSection
EndGlobal
